
Microsoft Visual Studio Solution File, Format Version 12.00
# Visual Studio 15
VisualStudioVersion = 15.0.27004.2006
MinimumVisualStudioVersion = 10.0.40219.1
Project("{FAE04EC0-301F-11D3-BF4B-00C04F79EFBC}") = "ChainOfResponsibilityWeb", "ChainOfResponsibilityWeb\ChainOfResponsibilityWeb.csproj", "{0C665F1D-C760-4A75-9880-8D88AA3BF1CD}"
EndProject
Global
	GlobalSection(SolutionConfigurationPlatforms) = preSolution
		Debug|Any CPU = Debug|Any CPU
		Release|Any CPU = Release|Any CPU
	EndGlobalSection
	GlobalSection(ProjectConfigurationPlatforms) = postSolution
		{0C665F1D-C760-4A75-9880-8D88AA3BF1CD}.Debug|Any CPU.ActiveCfg = Debug|Any CPU
		{0C665F1D-C760-4A75-9880-8D88AA3BF1CD}.Debug|Any CPU.Build.0 = Debug|Any CPU
		{0C665F1D-C760-4A75-9880-8D88AA3BF1CD}.Release|Any CPU.ActiveCfg = Release|Any CPU
		{0C665F1D-C760-4A75-9880-8D88AA3BF1CD}.Release|Any CPU.Build.0 = Release|Any CPU
	EndGlobalSection
	GlobalSection(SolutionProperties) = preSolution
		HideSolutionNode = FALSE
	EndGlobalSection
	GlobalSection(ExtensibilityGlobals) = postSolution
		SolutionGuid = {72A31C99-70FE-408B-A6F7-88EAB8D29089}
	EndGlobalSection
EndGlobal
